
Microsoft Visual Studio Solution File, Format Version 12.00
# Visual Studio Version 17
VisualStudioVersion = 17.7.34031.279
MinimumVisualStudioVersion = 10.0.40219.1
Project("{FAE04EC0-301F-11D3-BF4B-00C04F79EFBC}") = "HealthCheckApp", "HealthCheckApp\HealthCheckApp.csproj", "{54CD7DCC-A7AA-41D7-8504-678926728BF4}"
EndProject
Global
	GlobalSection(SolutionConfigurationPlatforms) = preSolution
		Debug|Any CPU = Debug|Any CPU
		Release|Any CPU = Release|Any CPU
	EndGlobalSection
	GlobalSection(ProjectConfigurationPlatforms) = postSolution
		{54CD7DCC-A7AA-41D7-8504-678926728BF4}.Debug|Any CPU.ActiveCfg = Debug|Any CPU
		{54CD7DCC-A7AA-41D7-8504-678926728BF4}.Debug|Any CPU.Build.0 = Debug|Any CPU
		{54CD7DCC-A7AA-41D7-8504-678926728BF4}.Release|Any CPU.ActiveCfg = Release|Any CPU
		{54CD7DCC-A7AA-41D7-8504-678926728BF4}.Release|Any CPU.Build.0 = Release|Any CPU
	EndGlobalSection
	GlobalSection(SolutionProperties) = preSolution
		HideSolutionNode = FALSE
	EndGlobalSection
	GlobalSection(ExtensibilityGlobals) = postSolution
		SolutionGuid = {2734B080-C720-45DC-94CA-68D84D0CA9A6}
	EndGlobalSection
EndGlobal
